
Microsoft Visual Studio Solution File, Format Version 12.00
# Visual Studio Version 16
VisualStudioVersion = 16.0.30907.101
MinimumVisualStudioVersion = 15.0.26124.0
Project("{FAE04EC0-301F-11D3-BF4B-00C04F79EFBC}") = "MyCodePlayground.FactoryMethod", "MyCodePlayground.Factory\MyCodePlayground.FactoryMethod.csproj", "{3E3A1A1E-541F-4308-90E7-F0A61BCADC8D}"
EndProject
Project("{2150E333-8FDC-42A3-9474-1A3956D46DE8}") = "01 - Creational Patterns", "01 - Creational Patterns", "{FDCA3042-D220-4643-90DB-A682DC9C47A2}"
EndProject
Global
	GlobalSection(SolutionConfigurationPlatforms) = preSolution
		Debug|Any CPU = Debug|Any CPU
		Release|Any CPU = Release|Any CPU
	EndGlobalSection
	GlobalSection(ProjectConfigurationPlatforms) = postSolution
		{3E3A1A1E-541F-4308-90E7-F0A61BCADC8D}.Debug|Any CPU.ActiveCfg = Debug|Any CPU
		{3E3A1A1E-541F-4308-90E7-F0A61BCADC8D}.Debug|Any CPU.Build.0 = Debug|Any CPU
		{3E3A1A1E-541F-4308-90E7-F0A61BCADC8D}.Release|Any CPU.ActiveCfg = Release|Any CPU
		{3E3A1A1E-541F-4308-90E7-F0A61BCADC8D}.Release|Any CPU.Build.0 = Release|Any CPU
	EndGlobalSection
	GlobalSection(SolutionProperties) = preSolution
		HideSolutionNode = FALSE
	EndGlobalSection
	GlobalSection(NestedProjects) = preSolution
		{3E3A1A1E-541F-4308-90E7-F0A61BCADC8D} = {FDCA3042-D220-4643-90DB-A682DC9C47A2}
	EndGlobalSection
	GlobalSection(ExtensibilityGlobals) = postSolution
		SolutionGuid = {523F5D0F-B94D-4ECE-B48A-29D9D5FACB78}
	EndGlobalSection
EndGlobal
